
Microsoft Visual Studio Solution File, Format Version 12.00
# Visual Studio Version 16
VisualStudioVersion = 16.0.29230.61
MinimumVisualStudioVersion = 10.0.40219.1
Project("{FAE04EC0-301F-11D3-BF4B-00C04F79EFBC}") = "protogen.site", "protogen.site\protogen.site.csproj", "{9CBF50F2-39EE-4AD0-BA9E-4BFAF652892B}"
EndProject
Global
	GlobalSection(SolutionConfigurationPlatforms) = preSolution
		Debug|Any CPU = Debug|Any CPU
		Release|Any CPU = Release|Any CPU
	EndGlobalSection
	GlobalSection(ProjectConfigurationPlatforms) = postSolution
		{9CBF50F2-39EE-4AD0-BA9E-4BFAF652892B}.Debug|Any CPU.ActiveCfg = Debug|Any CPU
		{9CBF50F2-39EE-4AD0-BA9E-4BFAF652892B}.Debug|Any CPU.Build.0 = Debug|Any CPU
		{9CBF50F2-39EE-4AD0-BA9E-4BFAF652892B}.Release|Any CPU.ActiveCfg = Release|Any CPU
		{9CBF50F2-39EE-4AD0-BA9E-4BFAF652892B}.Release|Any CPU.Build.0 = Release|Any CPU
	EndGlobalSection
	GlobalSection(SolutionProperties) = preSolution
		HideSolutionNode = FALSE
	EndGlobalSection
	GlobalSection(ExtensibilityGlobals) = postSolution
		SolutionGuid = {5EC45CB7-CD36-4597-BF74-C159148DC545}
	EndGlobalSection
EndGlobal
